// !$*UTF8*$!
{
	archiveVersion = 1;
	classes = {
	};
	objectVersion = 56;
	objects = {

/* Begin PBXBuildFile section */
		553FED502C01F2B3008FAA0F /* ScrumdingerApp.swift in Sources */ = {isa = PBXBuildFile; fileRef = 553FED4F2C01F2B3008FAA0F /* ScrumdingerApp.swift */; };
		553FED522C01F2B3008FAA0F /* MeetingView.swift in Sources */ = {isa = PBXBuildFile; fileRef = 553FED512C01F2B3008FAA0F /* MeetingView.swift */; };
		553FED572C01F2B4008FAA0F /* Preview Assets.xcassets in Resources */ = {isa = PBXBuildFile; fileRef = 553FED562C01F2B4008FAA0F /* Preview Assets.xcassets */; };
		553FED612C01F2B4008FAA0F /* ScrumdingerTests.swift in Sources */ = {isa = PBXBuildFile; fileRef = 553FED602C01F2B4008FAA0F /* ScrumdingerTests.swift */; };
		553FED6B2C01F2B4008FAA0F /* ScrumdingerUITests.swift in Sources */ = {isa = PBXBuildFile; fileRef = 553FED6A2C01F2B4008FAA0F /* ScrumdingerUITests.swift */; };
		553FED6D2C01F2B4008FAA0F /* ScrumdingerUITestsLaunchTests.swift in Sources */ = {isa = PBXBuildFile; fileRef = 553FED6C2C01F2B4008FAA0F /* ScrumdingerUITestsLaunchTests.swift */; };
		553FED7B2C036744008FAA0F /* Theme.swift in Sources */ = {isa = PBXBuildFile; fileRef = 553FED7A2C036744008FAA0F /* Theme.swift */; };
		553FED7D2C036813008FAA0F /* DailyScrum.swift in Sources */ = {isa = PBXBuildFile; fileRef = 553FED7C2C036813008FAA0F /* DailyScrum.swift */; };
		553FED7F2C036A68008FAA0F /* CardView.swift in Sources */ = {isa = PBXBuildFile; fileRef = 553FED7E2C036A68008FAA0F /* CardView.swift */; };
		553FED812C037161008FAA0F /* TrailingIconLabelStyle.swift in Sources */ = {isa = PBXBuildFile; fileRef = 553FED802C037161008FAA0F /* TrailingIconLabelStyle.swift */; };
		5567B6942C2566C10066F64B /* ScrumsView.swift in Sources */ = {isa = PBXBuildFile; fileRef = 5567B6932C2566C10066F64B /* ScrumsView.swift */; };
		5567B6962C256B110066F64B /* Assets.xcassets in Resources */ = {isa = PBXBuildFile; fileRef = 5567B6952C256B110066F64B /* Assets.xcassets */; };
/* End PBXBuildFile section */

/* Begin PBXContainerItemProxy section */
		553FED5D2C01F2B4008FAA0F /* PBXContainerItemProxy */ = {
			isa = PBXContainerItemProxy;
			containerPortal = 553FED442C01F2B3008FAA0F /* Project object */;
			proxyType = 1;
			remoteGlobalIDString = 553FED4B2C01F2B3008FAA0F;
			remoteInfo = Scrumdinger;
		};
		553FED672C01F2B4008FAA0F /* PBXContainerItemProxy */ = {
			isa = PBXContainerItemProxy;
			containerPortal = 553FED442C01F2B3008FAA0F /* Project object */;
			proxyType = 1;
			remoteGlobalIDString = 553FED4B2C01F2B3008FAA0F;
			remoteInfo = Scrumdinger;
		};
/* End PBXContainerItemProxy section */

/* Begin PBXFileReference section */
		553FED4C2C01F2B3008FAA0F /* Scrumdinger.app */ = {isa = PBXFileReference; explicitFileType = wrapper.application; includeInIndex = 0; path = Scrumdinger.app; sourceTree = BUILT_PRODUCTS_DIR; };
		553FED4F2C01F2B3008FAA0F /* ScrumdingerApp.swift */ = {isa = PBXFileReference; lastKnownFileType = sourcecode.swift; path = ScrumdingerApp.swift; sourceTree = "<group>"; };
		553FED512C01F2B3008FAA0F /* MeetingView.swift */ = {isa = PBXFileReference; lastKnownFileType = sourcecode.swift; path = MeetingView.swift; sourceTree = "<group>"; };
		553FED562C01F2B4008FAA0F /* Preview Assets.xcassets */ = {isa = PBXFileReference; lastKnownFileType = folder.assetcatalog; path = "Preview Assets.xcassets"; sourceTree = "<group>"; };
		553FED5C2C01F2B4008FAA0F /* ScrumdingerTests.xctest */ = {isa = PBXFileReference; explicitFileType = wrapper.cfbundle; includeInIndex = 0; path = ScrumdingerTests.xctest; sourceTree = BUILT_PRODUCTS_DIR; };
		553FED602C01F2B4008FAA0F /* ScrumdingerTests.swift */ = {isa = PBXFileReference; lastKnownFileType = sourcecode.swift; path = ScrumdingerTests.swift; sourceTree = "<group>"; };
		553FED662C01F2B4008FAA0F /* ScrumdingerUITests.xctest */ = {isa = PBXFileReference; explicitFileType = wrapper.cfbundle; includeInIndex = 0; path = ScrumdingerUITests.xctest; sourceTree = BUILT_PRODUCTS_DIR; };
		553FED6A2C01F2B4008FAA0F /* ScrumdingerUITests.swift */ = {isa = PBXFileReference; lastKnownFileType = sourcecode.swift; path = ScrumdingerUITests.swift; sourceTree = "<group>"; };
		553FED6C2C01F2B4008FAA0F /* ScrumdingerUITestsLaunchTests.swift */ = {isa = PBXFileReference; lastKnownFileType = sourcecode.swift; path = ScrumdingerUITestsLaunchTests.swift; sourceTree = "<group>"; };
		553FED7A2C036744008FAA0F /* Theme.swift */ = {isa = PBXFileReference; lastKnownFileType = sourcecode.swift; path = Theme.swift; sourceTree = "<group>"; };
		553FED7C2C036813008FAA0F /* DailyScrum.swift */ = {isa = PBXFileReference; lastKnownFileType = sourcecode.swift; path = DailyScrum.swift; sourceTree = "<group>"; };
		553FED7E2C036A68008FAA0F /* CardView.swift */ = {isa = PBXFileReference; lastKnownFileType = sourcecode.swift; path = CardView.swift; sourceTree = "<group>"; };
		553FED802C037161008FAA0F /* TrailingIconLabelStyle.swift */ = {isa = PBXFileReference; lastKnownFileType = sourcecode.swift; path = TrailingIconLabelStyle.swift; sourceTree = "<group>"; };
		5567B6932C2566C10066F64B /* ScrumsView.swift */ = {isa = PBXFileReference; lastKnownFileType = sourcecode.swift; path = ScrumsView.swift; sourceTree = "<group>"; };
		5567B6952C256B110066F64B /* Assets.xcassets */ = {isa = PBXFileReference; lastKnownFileType = folder.assetcatalog; name = Assets.xcassets; path = ../../../Downloads/DisplayingDataInAList/StartingProject/Scrumdinger/Assets.xcassets; sourceTree = "<group>"; };
/* End PBXFileReference section */

/* Begin PBXFrameworksBuildPhase section */
		553FED492C01F2B3008FAA0F /* Frameworks */ = {
			isa = PBXFrameworksBuildPhase;
			buildActionMask = 2147483647;
			files = (
			);
			runOnlyForDeploymentPostprocessing = 0;
		};
		553FED592C01F2B4008FAA0F /* Frameworks */ = {
			isa = PBXFrameworksBuildPhase;
			buildActionMask = 2147483647;
			files = (
			);
			runOnlyForDeploymentPostprocessing = 0;
		};
		553FED632C01F2B4008FAA0F /* Frameworks */ = {
			isa = PBXFrameworksBuildPhase;
			buildActionMask = 2147483647;
			files = (
			);
			runOnlyForDeploymentPostprocessing = 0;
		};
/* End PBXFrameworksBuildPhase section */

/* Begin PBXGroup section */
		553FED432C01F2B3008FAA0F = {
			isa = PBXGroup;
			children = (
				553FED4E2C01F2B3008FAA0F /* Scrumdinger */,
				553FED5F2C01F2B4008FAA0F /* ScrumdingerTests */,
				553FED692C01F2B4008FAA0F /* ScrumdingerUITests */,
				553FED4D2C01F2B3008FAA0F /* Products */,
			);
			sourceTree = "<group>";
		};
		553FED4D2C01F2B3008FAA0F /* Products */ = {
			isa = PBXGroup;
			children = (
				553FED4C2C01F2B3008FAA0F /* Scrumdinger.app */,
				553FED5C2C01F2B4008FAA0F /* ScrumdingerTests.xctest */,
				553FED662C01F2B4008FAA0F /* ScrumdingerUITests.xctest */,
			);
			name = Products;
			sourceTree = "<group>";
		};
		553FED4E2C01F2B3008FAA0F /* Scrumdinger */ = {
			isa = PBXGroup;
			children = (
				5567B6952C256B110066F64B /* Assets.xcassets */,
				5567B6922C25668A0066F64B /* Styles */,
				5567B6912C2566830066F64B /* Views */,
				553FED792C03672A008FAA0F /* Models */,
				553FED4F2C01F2B3008FAA0F /* ScrumdingerApp.swift */,
				553FED552C01F2B4008FAA0F /* Preview Content */,
			);
			path = Scrumdinger;
			sourceTree = "<group>";
		};
		553FED552C01F2B4008FAA0F /* Preview Content */ = {
			isa = PBXGroup;
			children = (
				553FED562C01F2B4008FAA0F /* Preview Assets.xcassets */,
			);
			path = "Preview Content";
			sourceTree = "<group>";
		};
		553FED5F2C01F2B4008FAA0F /* ScrumdingerTests */ = {
			isa = PBXGroup;
			children = (
				553FED602C01F2B4008FAA0F /* ScrumdingerTests.swift */,
			);
			path = ScrumdingerTests;
			sourceTree = "<group>";
		};
		553FED692C01F2B4008FAA0F /* ScrumdingerUITests */ = {
			isa = PBXGroup;
			children = (
				553FED6A2C01F2B4008FAA0F /* ScrumdingerUITests.swift */,
				553FED6C2C01F2B4008FAA0F /* ScrumdingerUITestsLaunchTests.swift */,
			);
			path = ScrumdingerUITests;
			sourceTree = "<group>";
		};
		553FED792C03672A008FAA0F /* Models */ = {
			isa = PBXGroup;
			children = (
				553FED7A2C036744008FAA0F /* Theme.swift */,
				553FED7C2C036813008FAA0F /* DailyScrum.swift */,
			);
			path = Models;
			sourceTree = "<group>";
		};
		5567B6912C2566830066F64B /* Views */ = {
			isa = PBXGroup;
			children = (
				553FED7E2C036A68008FAA0F /* CardView.swift */,
				553FED512C01F2B3008FAA0F /* MeetingView.swift */,
				5567B6932C2566C10066F64B /* ScrumsView.swift */,
			);
			path = Views;
			sourceTree = "<group>";
		};
		5567B6922C25668A0066F64B /* Styles */ = {
			isa = PBXGroup;
			children = (
				553FED802C037161008FAA0F /* TrailingIconLabelStyle.swift */,
			);
			path = Styles;
			sourceTree = "<group>";
		};
/* End PBXGroup section */

/* Begin PBXNativeTarget section */
		553FED4B2C01F2B3008FAA0F /* Scrumdinger */ = {
			isa = PBXNativeTarget;
			buildConfigurationList = 553FED702C01F2B4008FAA0F /* Build configuration list for PBXNativeTarget "Scrumdinger" */;
			buildPhases = (
				553FED482C01F2B3008FAA0F /* Sources */,
				553FED492C01F2B3008FAA0F /* Frameworks */,
				553FED4A2C01F2B3008FAA0F /* Resources */,
			);
			buildRules = (
			);
			dependencies = (
			);
			name = Scrumdinger;
			productName = Scrumdinger;
			productReference = 553FED4C2C01F2B3008FAA0F /* Scrumdinger.app */;
			productType = "com.apple.product-type.application";
		};
		553FED5B2C01F2B4008FAA0F /* ScrumdingerTests */ = {
			isa = PBXNativeTarget;
			buildConfigurationList = 553FED732C01F2B4008FAA0F /* Build configuration list for PBXNativeTarget "ScrumdingerTests" */;
			buildPhases = (
				553FED582C01F2B4008FAA0F /* Sources */,
				553FED592C01F2B4008FAA0F /* Frameworks */,
				553FED5A2C01F2B4008FAA0F /* Resources */,
			);
			buildRules = (
			);
			dependencies = (
				553FED5E2C01F2B4008FAA0F /* PBXTargetDependency */,
			);
			name = ScrumdingerTests;
			productName = ScrumdingerTests;
			productReference = 553FED5C2C01F2B4008FAA0F /* ScrumdingerTests.xctest */;
			productType = "com.apple.product-type.bundle.unit-test";
		};
		553FED652C01F2B4008FAA0F /* ScrumdingerUITests */ = {
			isa = PBXNativeTarget;
			buildConfigurationList = 553FED762C01F2B4008FAA0F /* Build configuration list for PBXNativeTarget "ScrumdingerUITests" */;
			buildPhases = (
				553FED622C01F2B4008FAA0F /* Sources */,
				553FED632C01F2B4008FAA0F /* Frameworks */,
				553FED642C01F2B4008FAA0F /* Resources */,
			);
			buildRules = (
			);
			dependencies = (
				553FED682C01F2B4008FAA0F /* PBXTargetDependency */,
			);
			name = ScrumdingerUITests;
			productName = ScrumdingerUITests;
			productReference = 553FED662C01F2B4008FAA0F /* ScrumdingerUITests.xctest */;
			productType = "com.apple.product-type.bundle.ui-testing";
		};
/* End PBXNativeTarget section */

/* Begin PBXProject section */
		553FED442C01F2B3008FAA0F /* Project object */ = {
			isa = PBXProject;
			attributes = {
				BuildIndependentTargetsInParallel = 1;
				LastSwiftUpdateCheck = 1540;
				LastUpgradeCheck = 1540;
				TargetAttributes = {
					553FED4B2C01F2B3008FAA0F = {
						CreatedOnToolsVersion = 15.4;
					};
					553FED5B2C01F2B4008FAA0F = {
						CreatedOnToolsVersion = 15.4;
						TestTargetID = 553FED4B2C01F2B3008FAA0F;
					};
					553FED652C01F2B4008FAA0F = {
						CreatedOnToolsVersion = 15.4;
						TestTargetID = 553FED4B2C01F2B3008FAA0F;
					};
				};
			};
			buildConfigurationList = 553FED472C01F2B3008FAA0F /* Build configuration list for PBXProject "Scrumdinger" */;
			compatibilityVersion = "Xcode 14.0";
			developmentRegion = en;
			hasScannedForEncodings = 0;
			knownRegions = (
				en,
				Base,
			);
			mainGroup = 553FED432C01F2B3008FAA0F;
			productRefGroup = 553FED4D2C01F2B3008FAA0F /* Products */;
			projectDirPath = "";
			projectRoot = "";
			targets = (
				553FED4B2C01F2B3008FAA0F /* Scrumdinger */,
				553FED5B2C01F2B4008FAA0F /* ScrumdingerTests */,
				553FED652C01F2B4008FAA0F /* ScrumdingerUITests */,
			);
		};
/* End PBXProject section */

/* Begin PBXResourcesBuildPhase section */
		553FED4A2C01F2B3008FAA0F /* Resources */ = {
			isa = PBXResourcesBuildPhase;
			buildActionMask = 2147483647;
			files = (
				553FED572C01F2B4008FAA0F /* Preview Assets.xcassets in Resources */,
				5567B6962C256B110066F64B /* Assets.xcassets in Resources */,
			);
			runOnlyForDeploymentPostprocessing = 0;
		};
		553FED5A2C01F2B4008FAA0F /* Resources */ = {
			isa = PBXResourcesBuildPhase;
			buildActionMask = 2147483647;
			files = (
			);
			runOnlyForDeploymentPostprocessing = 0;
		};
		553FED642C01F2B4008FAA0F /* Resources */ = {
			isa = PBXResourcesBuildPhase;
			buildActionMask = 2147483647;
			files = (
			);
			runOnlyForDeploymentPostprocessing = 0;
		};
/* End PBXResourcesBuildPhase section */

/* Begin PBXSourcesBuildPhase section */
		553FED482C01F2B3008FAA0F /* Sources */ = {
			isa = PBXSourcesBuildPhase;
			buildActionMask = 2147483647;
			files = (
				553FED7D2C036813008FAA0F /* DailyScrum.swift in Sources */,
				553FED812C037161008FAA0F /* TrailingIconLabelStyle.swift in Sources */,
				553FED7B2C036744008FAA0F /* Theme.swift in Sources */,
				5567B6942C2566C10066F64B /* ScrumsView.swift in Sources */,
				553FED522C01F2B3008FAA0F /* MeetingView.swift in Sources */,
				553FED502C01F2B3008FAA0F /* ScrumdingerApp.swift in Sources */,
				553FED7F2C036A68008FAA0F /* CardView.swift in Sources */,
			);
			runOnlyForDeploymentPostprocessing = 0;
		};
		553FED582C01F2B4008FAA0F /* Sources */ = {
			isa = PBXSourcesBuildPhase;
			buildActionMask = 2147483647;
			files = (
				553FED612C01F2B4008FAA0F /* ScrumdingerTests.swift in Sources */,
			);
			runOnlyForDeploymentPostprocessing = 0;
		};
		553FED622C01F2B4008FAA0F /* Sources */ = {
			isa = PBXSourcesBuildPhase;
			buildActionMask = 2147483647;
			files = (
				553FED6D2C01F2B4008FAA0F /* ScrumdingerUITestsLaunchTests.swift in Sources */,
				553FED6B2C01F2B4008FAA0F /* ScrumdingerUITests.swift in Sources */,
			);
			runOnlyForDeploymentPostprocessing = 0;
		};
/* End PBXSourcesBuildPhase section */

/* Begin PBXTargetDependency section */
		553FED5E2C01F2B4008FAA0F /* PBXTargetDependency */ = {
			isa = PBXTargetDependency;
			target = 553FED4B2C01F2B3008FAA0F /* Scrumdinger */;
			targetProxy = 553FED5D2C01F2B4008FAA0F /* PBXContainerItemProxy */;
		};
		553FED682C01F2B4008FAA0F /* PBXTargetDependency */ = {
			isa = PBXTargetDependency;
			target = 553FED4B2C01F2B3008FAA0F /* Scrumdinger */;
			targetProxy = 553FED672C01F2B4008FAA0F /* PBXContainerItemProxy */;
		};
/* End PBXTargetDependency section */

/* Begin XCBuildConfiguration section */
		553FED6E2C01F2B4008FAA0F /* Debug */ = {
			isa = XCBuildConfiguration;
			buildSettings = {
				ALWAYS_SEARCH_USER_PATHS = NO;
				ASSETCATALOG_COMPILER_GENERATE_SWIFT_ASSET_SYMBOL_EXTENSIONS = YES;
				CLANG_ANALYZER_NONNULL = YES;
				CLANG_ANALYZER_NUMBER_OBJECT_CONVERSION = YES_AGGRESSIVE;
				CLANG_CXX_LANGUAGE_STANDARD = "gnu++20";
				CLANG_ENABLE_MODULES = YES;
				CLANG_ENABLE_OBJC_ARC = YES;
				CLANG_ENABLE_OBJC_WEAK = YES;
				CLANG_WARN_BLOCK_CAPTURE_AUTORELEASING = YES;
				CLANG_WARN_BOOL_CONVERSION = YES;
				CLANG_WARN_COMMA = YES;
				CLANG_WARN_CONSTANT_CONVERSION = YES;
				CLANG_WARN_DEPRECATED_OBJC_IMPLEMENTATIONS = YES;
				CLANG_WARN_DIRECT_OBJC_ISA_USAGE = YES_ERROR;
				CLANG_WARN_DOCUMENTATION_COMMENTS = YES;
				CLANG_WARN_EMPTY_BODY = YES;
				CLANG_WARN_ENUM_CONVERSION = YES;
				CLANG_WARN_INFINITE_RECURSION = YES;
				CLANG_WARN_INT_CONVERSION = YES;
				CLANG_WARN_NON_LITERAL_NULL_CONVERSION = YES;
				CLANG_WARN_OBJC_IMPLICIT_RETAIN_SELF = YES;
				CLANG_WARN_OBJC_LITERAL_CONVERSION = YES;
				CLANG_WARN_OBJC_ROOT_CLASS = YES_ERROR;
				CLANG_WARN_QUOTED_INCLUDE_IN_FRAMEWORK_HEADER = YES;
				CLANG_WARN_RANGE_LOOP_ANALYSIS = YES;
				CLANG_WARN_STRICT_PROTOTYPES = YES;
				CLANG_WARN_SUSPICIOUS_MOVE = YES;
				CLANG_WARN_UNGUARDED_AVAILABILITY = YES_AGGRESSIVE;
				CLANG_WARN_UNREACHABLE_CODE = YES;
				CLANG_WARN__DUPLICATE_METHOD_MATCH = YES;
				COPY_PHASE_STRIP = NO;
				DEBUG_INFORMATION_FORMAT = dwarf;
				ENABLE_STRICT_OBJC_MSGSEND = YES;
				ENABLE_TESTABILITY = YES;
				ENABLE_USER_SCRIPT_SANDBOXING = YES;
				GCC_C_LANGUAGE_STANDARD = gnu17;
				GCC_DYNAMIC_NO_PIC = NO;
				GCC_NO_COMMON_BLOCKS = YES;
				GCC_OPTIMIZATION_LEVEL = 0;
				GCC_PREPROCESSOR_DEFINITIONS = (
					"DEBUG=1",
					"$(inherited)",
				);
				GCC_WARN_64_TO_32_BIT_CONVERSION = YES;
				GCC_WARN_ABOUT_RETURN_TYPE = YES_ERROR;
				GCC_WARN_UNDECLARED_SELECTOR = YES;
				GCC_WARN_UNINITIALIZED_AUTOS = YES_AGGRESSIVE;
				GCC_WARN_UNUSED_FUNCTION = YES;
				GCC_WARN_UNUSED_VARIABLE = YES;
				IPHONEOS_DEPLOYMENT_TARGET = 17.5;
				LOCALIZATION_PREFERS_STRING_CATALOGS = YES;
				MTL_ENABLE_DEBUG_INFO = INCLUDE_SOURCE;
				MTL_FAST_MATH = YES;
				ONLY_ACTIVE_ARCH = YES;
				SDKROOT = iphoneos;
				SWIFT_ACTIVE_COMPILATION_CONDITIONS = "DEBUG $(inherited)";
				SWIFT_OPTIMIZATION_LEVEL = "-Onone";
			};
			name = Debug;
		};
		553FED6F2C01F2B4008FAA0F /* Release */ = {
			isa = XCBuildConfiguration;
			buildSettings = {
				ALWAYS_SEARCH_USER_PATHS = NO;
				ASSETCATALOG_COMPILER_GENERATE_SWIFT_ASSET_SYMBOL_EXTENSIONS = YES;
				CLANG_ANALYZER_NONNULL = YES;
				CLANG_ANALYZER_NUMBER_OBJECT_CONVERSION = YES_AGGRESSIVE;
				CLANG_CXX_LANGUAGE_STANDARD = "gnu++20";
				CLANG_ENABLE_MODULES = YES;
				CLANG_ENABLE_OBJC_ARC = YES;
				CLANG_ENABLE_OBJC_WEAK = YES;
				CLANG_WARN_BLOCK_CAPTURE_AUTORELEASING = YES;
				CLANG_WARN_BOOL_CONVERSION = YES;
				CLANG_WARN_COMMA = YES;
				CLANG_WARN_CONSTANT_CONVERSION = YES;
				CLANG_WARN_DEPRECATED_OBJC_IMPLEMENTATIONS = YES;
				CLANG_WARN_DIRECT_OBJC_ISA_USAGE = YES_ERROR;
				CLANG_WARN_DOCUMENTATION_COMMENTS = YES;
				CLANG_WARN_EMPTY_BODY = YES;
				CLANG_WARN_ENUM_CONVERSION = YES;
				CLANG_WARN_INFINITE_RECURSION = YES;
				CLANG_WARN_INT_CONVERSION = YES;
				CLANG_WARN_NON_LITERAL_NULL_CONVERSION = YES;
				CLANG_WARN_OBJC_IMPLICIT_RETAIN_SELF = YES;
				CLANG_WARN_OBJC_LITERAL_CONVERSION = YES;
				CLANG_WARN_OBJC_ROOT_CLASS = YES_ERROR;
				CLANG_WARN_QUOTED_INCLUDE_IN_FRAMEWORK_HEADER = YES;
				CLANG_WARN_RANGE_LOOP_ANALYSIS = YES;
				CLANG_WARN_STRICT_PROTOTYPES = YES;
				CLANG_WARN_SUSPICIOUS_MOVE = YES;
				CLANG_WARN_UNGUARDED_AVAILABILITY = YES_AGGRESSIVE;
				CLANG_WARN_UNREACHABLE_CODE = YES;
				CLANG_WARN__DUPLICATE_METHOD_MATCH = YES;
				COPY_PHASE_STRIP = NO;
				DEBUG_INFORMATION_FORMAT = "dwarf-with-dsym";
				ENABLE_NS_ASSERTIONS = NO;
				ENABLE_STRICT_OBJC_MSGSEND = YES;
				ENABLE_USER_SCRIPT_SANDBOXING = YES;
				GCC_C_LANGUAGE_STANDARD = gnu17;
				GCC_NO_COMMON_BLOCKS = YES;
				GCC_WARN_64_TO_32_BIT_CONVERSION = YES;
				GCC_WARN_ABOUT_RETURN_TYPE = YES_ERROR;
				GCC_WARN_UNDECLARED_SELECTOR = YES;
				GCC_WARN_UNINITIALIZED_AUTOS = YES_AGGRESSIVE;
				GCC_WARN_UNUSED_FUNCTION = YES;
				GCC_WARN_UNUSED_VARIABLE = YES;
				IPHONEOS_DEPLOYMENT_TARGET = 17.5;
				LOCALIZATION_PREFERS_STRING_CATALOGS = YES;
				MTL_ENABLE_DEBUG_INFO = NO;
				MTL_FAST_MATH = YES;
				SDKROOT = iphoneos;
				SWIFT_COMPILATION_MODE = wholemodule;
				VALIDATE_PRODUCT = YES;
			};
			name = Release;
		};
		553FED712C01F2B4008FAA0F /* Debug */ = {
			isa = XCBuildConfiguration;
			buildSettings = {
				ASSETCATALOG_COMPILER_APPICON_NAME = AppIcon;
				ASSETCATALOG_COMPILER_GLOBAL_ACCENT_COLOR_NAME = AccentColor;
				CODE_SIGN_STYLE = Automatic;
				CURRENT_PROJECT_VERSION = 1;
				DEVELOPMENT_ASSET_PATHS = "\"Scrumdinger/Preview Content\"";
				DEVELOPMENT_TEAM = U6VY3ZTYZH;
				ENABLE_PREVIEWS = YES;
				GENERATE_INFOPLIST_FILE = YES;
				INFOPLIST_KEY_UIApplicationSceneManifest_Generation = YES;
				INFOPLIST_KEY_UIApplicationSupportsIndirectInputEvents = YES;
				INFOPLIST_KEY_UILaunchScreen_Generation = YES;
				INFOPLIST_KEY_UISupportedInterfaceOrientations_iPad = "UIInterfaceOrientationPortrait UIInterfaceOrientationPortraitUpsideDown UIInterfaceOrientationLandscapeLeft UIInterfaceOrientationLandscapeRight";
				INFOPLIST_KEY_UISupportedInterfaceOrientations_iPhone = "UIInterfaceOrientationPortrait UIInterfaceOrientationLandscapeLeft UIInterfaceOrientationLandscapeRight";
				LD_RUNPATH_SEARCH_PATHS = (
					"$(inherited)",
					"@executable_path/Frameworks",
				);
				MARKETING_VERSION = 1.0;
				PRODUCT_BUNDLE_IDENTIFIER = dev.fedyna.Scrumdinger;
				PRODUCT_NAME = "$(TARGET_NAME)";
				SWIFT_EMIT_LOC_STRINGS = YES;
				SWIFT_VERSION = 5.0;
				TARGETED_DEVICE_FAMILY = "1,2";
			};
			name = Debug;
		};
		553FED722C01F2B4008FAA0F /* Release */ = {
			isa = XCBuildConfiguration;
			buildSettings = {
				ASSETCATALOG_COMPILER_APPICON_NAME = AppIcon;
				ASSETCATALOG_COMPILER_GLOBAL_ACCENT_COLOR_NAME = AccentColor;
				CODE_SIGN_STYLE = Automatic;
				CURRENT_PROJECT_VERSION = 1;
				DEVELOPMENT_ASSET_PATHS = "\"Scrumdinger/Preview Content\"";
				DEVELOPMENT_TEAM = U6VY3ZTYZH;
				ENABLE_PREVIEWS = YES;
				GENERATE_INFOPLIST_FILE = YES;
				INFOPLIST_KEY_UIApplicationSceneManifest_Generation = YES;
				INFOPLIST_KEY_UIApplicationSupportsIndirectInputEvents = YES;
				INFOPLIST_KEY_UILaunchScreen_Generation = YES;
				INFOPLIST_KEY_UISupportedInterfaceOrientations_iPad = "UIInterfaceOrientationPortrait UIInterfaceOrientationPortraitUpsideDown UIInterfaceOrientationLandscapeLeft UIInterfaceOrientationLandscapeRight";
				INFOPLIST_KEY_UISupportedInterfaceOrientations_iPhone = "UIInterfaceOrientationPortrait UIInterfaceOrientationLandscapeLeft UIInterfaceOrientationLandscapeRight";
				LD_RUNPATH_SEARCH_PATHS = (
					"$(inherited)",
					"@executable_path/Frameworks",
				);
				MARKETING_VERSION = 1.0;
				PRODUCT_BUNDLE_IDENTIFIER = dev.fedyna.Scrumdinger;
				PRODUCT_NAME = "$(TARGET_NAME)";
				SWIFT_EMIT_LOC_STRINGS = YES;
				SWIFT_VERSION = 5.0;
				TARGETED_DEVICE_FAMILY = "1,2";
			};
			name = Release;
		};
		553FED742C01F2B4008FAA0F /* Debug */ = {
			isa = XCBuildConfiguration;
			buildSettings = {
				ALWAYS_EMBED_SWIFT_STANDARD_LIBRARIES = YES;
				BUNDLE_LOADER = "$(TEST_HOST)";
				CODE_SIGN_STYLE = Automatic;
				CURRENT_PROJECT_VERSION = 1;
				DEVELOPMENT_TEAM = U6VY3ZTYZH;
				GENERATE_INFOPLIST_FILE = YES;
				IPHONEOS_DEPLOYMENT_TARGET = 17.5;
				MARKETING_VERSION = 1.0;
				PRODUCT_BUNDLE_IDENTIFIER = dev.fedyna.ScrumdingerTests;
				PRODUCT_NAME = "$(TARGET_NAME)";
				SWIFT_EMIT_LOC_STRINGS = NO;
				SWIFT_VERSION = 5.0;
				TARGETED_DEVICE_FAMILY = "1,2";
				TEST_HOST = "$(BUILT_PRODUCTS_DIR)/Scrumdinger.app/$(BUNDLE_EXECUTABLE_FOLDER_PATH)/Scrumdinger";
			};
			name = Debug;
		};
		553FED752C01F2B4008FAA0F /* Release */ = {
			isa = XCBuildConfiguration;
			buildSettings = {
				ALWAYS_EMBED_SWIFT_STANDARD_LIBRARIES = YES;
				BUNDLE_LOADER = "$(TEST_HOST)";
				CODE_SIGN_STYLE = Automatic;
				CURRENT_PROJECT_VERSION = 1;
				DEVELOPMENT_TEAM = U6VY3ZTYZH;
				GENERATE_INFOPLIST_FILE = YES;
				IPHONEOS_DEPLOYMENT_TARGET = 17.5;
				MARKETING_VERSION = 1.0;
				PRODUCT_BUNDLE_IDENTIFIER = dev.fedyna.ScrumdingerTests;
				PRODUCT_NAME = "$(TARGET_NAME)";
				SWIFT_EMIT_LOC_STRINGS = NO;
				SWIFT_VERSION = 5.0;
				TARGETED_DEVICE_FAMILY = "1,2";
				TEST_HOST = "$(BUILT_PRODUCTS_DIR)/Scrumdinger.app/$(BUNDLE_EXECUTABLE_FOLDER_PATH)/Scrumdinger";
			};
			name = Release;
		};
		553FED772C01F2B4008FAA0F /* Debug */ = {
			isa = XCBuildConfiguration;
			buildSettings = {
				ALWAYS_EMBED_SWIFT_STANDARD_LIBRARIES = YES;
				CODE_SIGN_STYLE = Automatic;
				CURRENT_PROJECT_VERSION = 1;
				DEVELOPMENT_TEAM = U6VY3ZTYZH;
				GENERATE_INFOPLIST_FILE = YES;
				MARKETING_VERSION = 1.0;
				PRODUCT_BUNDLE_IDENTIFIER = dev.fedyna.ScrumdingerUITests;
				PRODUCT_NAME = "$(TARGET_NAME)";
				SWIFT_EMIT_LOC_STRINGS = NO;
				SWIFT_VERSION = 5.0;
				TARGETED_DEVICE_FAMILY = "1,2";
				TEST_TARGET_NAME = Scrumdinger;
			};
			name = Debug;
		};
		553FED782C01F2B4008FAA0F /* Release */ = {
			isa = XCBuildConfiguration;
			buildSettings = {
				ALWAYS_EMBED_SWIFT_STANDARD_LIBRARIES = YES;
				CODE_SIGN_STYLE = Automatic;
				CURRENT_PROJECT_VERSION = 1;
				DEVELOPMENT_TEAM = U6VY3ZTYZH;
				GENERATE_INFOPLIST_FILE = YES;
				MARKETING_VERSION = 1.0;
				PRODUCT_BUNDLE_IDENTIFIER = dev.fedyna.ScrumdingerUITests;
				PRODUCT_NAME = "$(TARGET_NAME)";
				SWIFT_EMIT_LOC_STRINGS = NO;
				SWIFT_VERSION = 5.0;
				TARGETED_DEVICE_FAMILY = "1,2";
				TEST_TARGET_NAME = Scrumdinger;
			};
			name = Release;
		};
/* End XCBuildConfiguration section */

/* Begin XCConfigurationList section */
		553FED472C01F2B3008FAA0F /* Build configuration list for PBXProject "Scrumdinger" */ = {
			isa = XCConfigurationList;
			buildConfigurations = (
				553FED6E2C01F2B4008FAA0F /* Debug */,
				553FED6F2C01F2B4008FAA0F /* Release */,
			);
			defaultConfigurationIsVisible = 0;
			defaultConfigurationName = Release;
		};
		553FED702C01F2B4008FAA0F /* Build configuration list for PBXNativeTarget "Scrumdinger" */ = {
			isa = XCConfigurationList;
			buildConfigurations = (
				553FED712C01F2B4008FAA0F /* Debug */,
				553FED722C01F2B4008FAA0F /* Release */,
			);
			defaultConfigurationIsVisible = 0;
			defaultConfigurationName = Release;
		};
		553FED732C01F2B4008FAA0F /* Build configuration list for PBXNativeTarget "ScrumdingerTests" */ = {
			isa = XCConfigurationList;
			buildConfigurations = (
				553FED742C01F2B4008FAA0F /* Debug */,
				553FED752C01F2B4008FAA0F /* Release */,
			);
			defaultConfigurationIsVisible = 0;
			defaultConfigurationName = Release;
		};
		553FED762C01F2B4008FAA0F /* Build configuration list for PBXNativeTarget "ScrumdingerUITests" */ = {
			isa = XCConfigurationList;
			buildConfigurations = (
				553FED772C01F2B4008FAA0F /* Debug */,
				553FED782C01F2B4008FAA0F /* Release */,
			);
			defaultConfigurationIsVisible = 0;
			defaultConfigurationName = Release;
		};
/* End XCConfigurationList section */
	};
	rootObject = 553FED442C01F2B3008FAA0F /* Project object */;
}
